
Microsoft Visual Studio Solution File, Format Version 12.00
# Visual Studio Version 17
VisualStudioVersion = 17.2.32616.157
MinimumVisualStudioVersion = 10.0.40219.1
Project("{9A19103F-16F7-4668-BE54-9A1E7A4F7556}") = "WebApi.Alpari", "WebApi.Alpari\WebApi.Alpari.csproj", "{9C7CFA57-7EA5-4C8B-A6D1-90DDEEA90DF8}"
EndProject
Project("{FAE04EC0-301F-11D3-BF4B-00C04F79EFBC}") = "RestClientProject", "RestClientProject\RestClientProject.csproj", "{4D5B075E-CE70-41C5-AC56-84D82F52148A}"
EndProject
Global
	GlobalSection(SolutionConfigurationPlatforms) = preSolution
		Debug|Any CPU = Debug|Any CPU
		Release|Any CPU = Release|Any CPU
	EndGlobalSection
	GlobalSection(ProjectConfigurationPlatforms) = postSolution
		{9C7CFA57-7EA5-4C8B-A6D1-90DDEEA90DF8}.Debug|Any CPU.ActiveCfg = Debug|Any CPU
		{9C7CFA57-7EA5-4C8B-A6D1-90DDEEA90DF8}.Debug|Any CPU.Build.0 = Debug|Any CPU
		{9C7CFA57-7EA5-4C8B-A6D1-90DDEEA90DF8}.Release|Any CPU.ActiveCfg = Release|Any CPU
		{9C7CFA57-7EA5-4C8B-A6D1-90DDEEA90DF8}.Release|Any CPU.Build.0 = Release|Any CPU
		{4D5B075E-CE70-41C5-AC56-84D82F52148A}.Debug|Any CPU.ActiveCfg = Debug|Any CPU
		{4D5B075E-CE70-41C5-AC56-84D82F52148A}.Debug|Any CPU.Build.0 = Debug|Any CPU
		{4D5B075E-CE70-41C5-AC56-84D82F52148A}.Release|Any CPU.ActiveCfg = Release|Any CPU
		{4D5B075E-CE70-41C5-AC56-84D82F52148A}.Release|Any CPU.Build.0 = Release|Any CPU
	EndGlobalSection
	GlobalSection(SolutionProperties) = preSolution
		HideSolutionNode = FALSE
	EndGlobalSection
	GlobalSection(ExtensibilityGlobals) = postSolution
		SolutionGuid = {4658EB39-2FB5-49B6-BC50-12BABD902F92}
	EndGlobalSection
EndGlobal
